
Microsoft Visual Studio Solution File, Format Version 12.00
# Visual Studio Version 17
VisualStudioVersion = 17.5.002.0
MinimumVisualStudioVersion = 10.0.40219.1
Project("{9A19103F-16F7-4668-BE54-9A1E7A4F7556}") = "WizardNinjaSamurai", "WizardNinjaSamurai.csproj", "{DC22A382-50B3-4E4C-980F-8D48BCD5B436}"
EndProject
Global
	GlobalSection(SolutionConfigurationPlatforms) = preSolution
		Debug|Any CPU = Debug|Any CPU
		Release|Any CPU = Release|Any CPU
	EndGlobalSection
	GlobalSection(ProjectConfigurationPlatforms) = postSolution
		{DC22A382-50B3-4E4C-980F-8D48BCD5B436}.Debug|Any CPU.ActiveCfg = Debug|Any CPU
		{DC22A382-50B3-4E4C-980F-8D48BCD5B436}.Debug|Any CPU.Build.0 = Debug|Any CPU
		{DC22A382-50B3-4E4C-980F-8D48BCD5B436}.Release|Any CPU.ActiveCfg = Release|Any CPU
		{DC22A382-50B3-4E4C-980F-8D48BCD5B436}.Release|Any CPU.Build.0 = Release|Any CPU
	EndGlobalSection
	GlobalSection(SolutionProperties) = preSolution
		HideSolutionNode = FALSE
	EndGlobalSection
	GlobalSection(ExtensibilityGlobals) = postSolution
		SolutionGuid = {3EA19212-AC85-4FED-B2AA-0F1904B56DF8}
	EndGlobalSection
EndGlobal
